
Microsoft Visual Studio Solution File, Format Version 12.00
# Visual Studio Version 16
VisualStudioVersion = 16.0.30104.148
MinimumVisualStudioVersion = 10.0.40219.1
Project("{FAE04EC0-301F-11D3-BF4B-00C04F79EFBC}") = "LanchoneteFAM", "WindowsFormsApp1\LanchoneteFAM.csproj", "{260ECBC8-4096-49B8-A407-73E246539772}"
EndProject
Global
	GlobalSection(SolutionConfigurationPlatforms) = preSolution
		Debug|Any CPU = Debug|Any CPU
		Release|Any CPU = Release|Any CPU
	EndGlobalSection
	GlobalSection(ProjectConfigurationPlatforms) = postSolution
		{260ECBC8-4096-49B8-A407-73E246539772}.Debug|Any CPU.ActiveCfg = Debug|Any CPU
		{260ECBC8-4096-49B8-A407-73E246539772}.Debug|Any CPU.Build.0 = Debug|Any CPU
		{260ECBC8-4096-49B8-A407-73E246539772}.Release|Any CPU.ActiveCfg = Release|Any CPU
		{260ECBC8-4096-49B8-A407-73E246539772}.Release|Any CPU.Build.0 = Release|Any CPU
	EndGlobalSection
	GlobalSection(SolutionProperties) = preSolution
		HideSolutionNode = FALSE
	EndGlobalSection
	GlobalSection(ExtensibilityGlobals) = postSolution
		SolutionGuid = {1A3F09FB-4BD5-4665-BED5-E9B2E9F146FF}
	EndGlobalSection
EndGlobal
